
Microsoft Visual Studio Solution File, Format Version 12.00
# Visual Studio Version 17
VisualStudioVersion = 17.11.35219.272
MinimumVisualStudioVersion = 10.0.40219.1
Project("{FAE04EC0-301F-11D3-BF4B-00C04F79EFBC}") = "mainForm", "mainForm\mainForm.csproj", "{9BA70FAC-DAEB-4387-835E-797B7BBE1917}"
EndProject
Global
	GlobalSection(SolutionConfigurationPlatforms) = preSolution
		Debug|Any CPU = Debug|Any CPU
		Release|Any CPU = Release|Any CPU
	EndGlobalSection
	GlobalSection(ProjectConfigurationPlatforms) = postSolution
		{9BA70FAC-DAEB-4387-835E-797B7BBE1917}.Debug|Any CPU.ActiveCfg = Debug|Any CPU
		{9BA70FAC-DAEB-4387-835E-797B7BBE1917}.Debug|Any CPU.Build.0 = Debug|Any CPU
		{9BA70FAC-DAEB-4387-835E-797B7BBE1917}.Release|Any CPU.ActiveCfg = Release|Any CPU
		{9BA70FAC-DAEB-4387-835E-797B7BBE1917}.Release|Any CPU.Build.0 = Release|Any CPU
	EndGlobalSection
	GlobalSection(SolutionProperties) = preSolution
		HideSolutionNode = FALSE
	EndGlobalSection
	GlobalSection(ExtensibilityGlobals) = postSolution
		SolutionGuid = {2B85BFBD-DF1D-46DA-89EA-2DDD1678C816}
	EndGlobalSection
EndGlobal
